<?xml version="1.0" encoding="utf-8"?>
<Project ToolsVersion="4.0" xmlns="http://schemas.microsoft.com/developer/msbuild/2003">
  <ItemGroup>
    <Filter Include="api">
      <UniqueIdentifier>{5F5E880B-CB67-887C-54E3-9E7CC0EB937C}</UniqueIdentifier>
    </Filter>
    <Filter Include="internal">
      <UniqueIdentifier>{222D348C-0EFA-8E97-3713-7D3F233FC425}</UniqueIdentifier>
    </Filter>
  </ItemGroup>
  <ItemGroup>
    <ClInclude Include="Allocator.h" />
    <ClInclude Include="ArgParse.h" />
    <ClInclude Include="Atomic.h" />
    <ClInclude Include="Bitset.h" />
    <ClInclude Include="Comparison.h" />
    <ClInclude Include="Defines.h" />
    <ClInclude Include="Format.h" />
    <ClInclude Include="LibC.h" />
    <ClInclude Include="List.h" />
    <ClInclude Include="Object.h" />
    <ClInclude Include="Status.h" />
    <ClInclude Include="String.h" />
    <ClInclude Include="Types.h" />
    <ClInclude Include="Vector.h" />
    <ClInclude Include="Zycore.h" />
    <ClInclude Include="api\Memory.h">
      <Filter>api</Filter>
    </ClInclude>
    <ClInclude Include="api\Process.h">
      <Filter>api</Filter>
    </ClInclude>
    <ClInclude Include="api\Synchronization.h">
      <Filter>api</Filter>
    </ClInclude>
    <ClInclude Include="api\Terminal.h">
      <Filter>api</Filter>
    </ClInclude>
    <ClInclude Include="api\Thread.h">
      <Filter>api</Filter>
    </ClInclude>
    <ClInclude Include="internal\AtomicGNU.h">
      <Filter>internal</Filter>
    </ClInclude>
    <ClInclude Include="internal\AtomicMSVC.h">
      <Filter>internal</Filter>
    </ClInclude>
  </ItemGroup>
  <ItemGroup>
    <ClCompile Include="Allocator.c" />
    <ClCompile Include="ArgParse.c" />
    <ClCompile Include="Bitset.c" />
    <ClCompile Include="Format.c" />
    <ClCompile Include="List.c" />
    <ClCompile Include="String.c" />
    <ClCompile Include="Vector.c" />
    <ClCompile Include="Zycore.c" />
    <ClCompile Include="api\Memory.c">
      <Filter>api</Filter>
    </ClCompile>
    <ClCompile Include="api\Process.c">
      <Filter>api</Filter>
    </ClCompile>
    <ClCompile Include="api\Synchronization.c">
      <Filter>api</Filter>
    </ClCompile>
    <ClCompile Include="api\Terminal.c">
      <Filter>api</Filter>
    </ClCompile>
    <ClCompile Include="api\Thread.c">
      <Filter>api</Filter>
    </ClCompile>
  </ItemGroup>
</Project>