<?xml version="1.0" encoding="utf-8"?>
<Project ToolsVersion="4.0" xmlns="http://schemas.microsoft.com/developer/msbuild/2003">
  <ItemGroup>
    <Filter Include="core">
      <UniqueIdentifier>{4E40957C-3A77-960D-E363-7C10CF79120F}</UniqueIdentifier>
    </Filter>
    <Filter Include="exports">
      <UniqueIdentifier>{DA2B8E82-460B-0D1E-4F23-98F4BB81737F}</UniqueIdentifier>
    </Filter>
    <Filter Include="pch">
      <UniqueIdentifier>{809C880B-ECA5-887C-7521-9F7CE129947C}</UniqueIdentifier>
    </Filter>
  </ItemGroup>
  <ItemGroup>
    <ClInclude Include="src\core\core.h">
      <Filter>core</Filter>
    </ClInclude>
    <ClInclude Include="src\core\joaat.h">
      <Filter>core</Filter>
    </ClInclude>
    <ClInclude Include="src\exports\exports.h">
      <Filter>exports</Filter>
    </ClInclude>
    <ClInclude Include="src\pch\pch.h">
      <Filter>pch</Filter>
    </ClInclude>
  </ItemGroup>
  <ItemGroup>
    <ClCompile Include="src\core\core.cpp">
      <Filter>core</Filter>
    </ClCompile>
    <ClCompile Include="src\main.cpp" />
    <ClCompile Include="src\pch\pch.cpp">
      <Filter>pch</Filter>
    </ClCompile>
  </ItemGroup>
</Project>