<?xml version="1.0" encoding="utf-8"?>
<Project ToolsVersion="4.0" xmlns="http://schemas.microsoft.com/developer/msbuild/2003">
  <ItemGroup>
    <Filter Include="commands">
      <UniqueIdentifier>{37C2D63F-238F-314B-4CA8-1FF338D466D9}</UniqueIdentifier>
    </Filter>
    <Filter Include="commands\engine">
      <UniqueIdentifier>{FC3C180E-68C8-85D2-71D9-08C7DDE3E1D2}</UniqueIdentifier>
    </Filter>
    <Filter Include="commands\gui">
      <UniqueIdentifier>{2B9166F5-17F4-F599-C079-2E50ACBBC11C}</UniqueIdentifier>
    </Filter>
    <Filter Include="commands\manager">
      <UniqueIdentifier>{81DD181B-6DD6-376D-9608-1DF282601779}</UniqueIdentifier>
    </Filter>
    <Filter Include="core">
      <UniqueIdentifier>{4E40957C-3A77-960D-E363-7C10CF79120F}</UniqueIdentifier>
    </Filter>
    <Filter Include="exceptions">
      <UniqueIdentifier>{67C00D32-5378-4F7F-BC7F-28DBA856EA6F}</UniqueIdentifier>
    </Filter>
    <Filter Include="fiber">
      <UniqueIdentifier>{AD05700F-191A-98C0-E29B-3B204E6F94F1}</UniqueIdentifier>
    </Filter>
    <Filter Include="hooking">
      <UniqueIdentifier>{54036A54-C0E2-E8EF-C9FA-73C635594F51}</UniqueIdentifier>
    </Filter>
    <Filter Include="hooking\hooks">
      <UniqueIdentifier>{C760F721-3321-7358-FC5B-BCD568DBB734}</UniqueIdentifier>
    </Filter>
    <Filter Include="hooking\methods">
      <UniqueIdentifier>{B7193BE7-23A5-A8AB-2CB6-2BA098C004AC}</UniqueIdentifier>
    </Filter>
    <Filter Include="memory">
      <UniqueIdentifier>{DEA8820D-CA4A-ADE3-B305-C1379F463434}</UniqueIdentifier>
    </Filter>
    <Filter Include="pch">
      <UniqueIdentifier>{809C880B-ECA5-887C-7521-9F7CE129947C}</UniqueIdentifier>
    </Filter>
    <Filter Include="rage">
      <UniqueIdentifier>{043D9D7C-F073-9E0D-9960-841085761A0F}</UniqueIdentifier>
    </Filter>
    <Filter Include="rage\commands">
      <UniqueIdentifier>{E558F8B8-5119-74EF-1A54-BD6C86D3B8CB}</UniqueIdentifier>
    </Filter>
    <Filter Include="rage\commands\invoker">
      <UniqueIdentifier>{B2E10727-1E4E-C321-E741-5B7F536DE589}</UniqueIdentifier>
    </Filter>
    <Filter Include="renderer">
      <UniqueIdentifier>{9C6AA017-8837-FB22-B150-E9CA9D7C30B1}</UniqueIdentifier>
    </Filter>
    <Filter Include="renderer\dxtk">
      <UniqueIdentifier>{86CFE28D-F28F-5EC4-BBCA-A741274AA3A0}</UniqueIdentifier>
    </Filter>
    <Filter Include="script">
      <UniqueIdentifier>{BA0F601B-A6B1-8AF1-8F6C-9E457BAD1142}</UniqueIdentifier>
    </Filter>
    <Filter Include="script\notifications">
      <UniqueIdentifier>{A3AB3FA0-8F3A-C969-3859-DD6424C7D90F}</UniqueIdentifier>
    </Filter>
    <Filter Include="script\tabs">
      <UniqueIdentifier>{53B934EA-BF6E-ADDF-4863-A7B6B417A4E3}</UniqueIdentifier>
    </Filter>
    <Filter Include="script\tabs\miscellaneous">
      <UniqueIdentifier>{F6C32F81-6286-630B-AB36-F29717383CE9}</UniqueIdentifier>
    </Filter>
    <Filter Include="script\tabs\network">
      <UniqueIdentifier>{ECD6E1F7-5838-BF05-E1A5-05B84D06F6C4}</UniqueIdentifier>
    </Filter>
    <Filter Include="script\tabs\network\session">
      <UniqueIdentifier>{5F498A9A-CB56-B880-543D-B46BC0498437}</UniqueIdentifier>
    </Filter>
    <Filter Include="script\tabs\network\session\players">
      <UniqueIdentifier>{8E658E4B-FA1E-F9F5-837E-13D0EF36AF65}</UniqueIdentifier>
    </Filter>
    <Filter Include="script\tabs\network\session\players\selected_player">
      <UniqueIdentifier>{921B4A1A-FE2C-F2C0-877E-8400F38E7BFA}</UniqueIdentifier>
    </Filter>
    <Filter Include="script\tabs\protections">
      <UniqueIdentifier>{9C18B541-0850-FDD8-115A-61FC7D1024D2}</UniqueIdentifier>
    </Filter>
    <Filter Include="script\tabs\protections\reactions">
      <UniqueIdentifier>{53D0F38A-BF3E-490A-0828-040A74D53EA6}</UniqueIdentifier>
    </Filter>
    <Filter Include="script\tabs\scripting">
      <UniqueIdentifier>{3552142B-A1BE-CF25-6AB2-6783D6DDF18D}</UniqueIdentifier>
    </Filter>
    <Filter Include="script\tabs\self">
      <UniqueIdentifier>{6CD03FBA-58C9-5E0C-81FB-43916D533E18}</UniqueIdentifier>
    </Filter>
    <Filter Include="script\tabs\settings">
      <UniqueIdentifier>{F3372C91-DFC6-B55A-88E5-C9557453C600}</UniqueIdentifier>
    </Filter>
    <Filter Include="script\tabs\vehicle">
      <UniqueIdentifier>{C2B5D25E-2E17-B06C-B784-F61E23E5E62B}</UniqueIdentifier>
    </Filter>
    <Filter Include="script\tabs\weapon">
      <UniqueIdentifier>{0C6FC452-F852-85A8-61B3-7FFB4DB66F2A}</UniqueIdentifier>
    </Filter>
    <Filter Include="shv">
      <UniqueIdentifier>{F6A9880B-62B3-887C-EB2E-9F7C5737947C}</UniqueIdentifier>
    </Filter>
    <Filter Include="stb">
      <UniqueIdentifier>{6EAB880B-DAB4-887C-6330-9F7CCF38947C}</UniqueIdentifier>
    </Filter>
    <Filter Include="util">
      <UniqueIdentifier>{43339F7C-2F6A-A00D-D856-8610C46C1C0F}</UniqueIdentifier>
    </Filter>
  </ItemGroup>
  <ItemGroup>
    <ClInclude Include="src\commands\commands.h">
      <Filter>commands</Filter>
    </ClInclude>
    <ClInclude Include="src\commands\engine\engine.h">
      <Filter>commands\engine</Filter>
    </ClInclude>
    <ClInclude Include="src\commands\features.h">
      <Filter>commands</Filter>
    </ClInclude>
    <ClInclude Include="src\commands\gui\gui.h">
      <Filter>commands\gui</Filter>
    </ClInclude>
    <ClInclude Include="src\commands\manager\abstract.h">
      <Filter>commands\manager</Filter>
    </ClInclude>
    <ClInclude Include="src\commands\manager\manager.h">
      <Filter>commands\manager</Filter>
    </ClInclude>
    <ClInclude Include="src\commands\manager\types.h">
      <Filter>commands\manager</Filter>
    </ClInclude>
    <ClInclude Include="src\commands\math.h">
      <Filter>commands</Filter>
    </ClInclude>
    <ClInclude Include="src\core\core.h">
      <Filter>core</Filter>
    </ClInclude>
    <ClInclude Include="src\core\logger.h">
      <Filter>core</Filter>
    </ClInclude>
    <ClInclude Include="src\exceptions\disassembler.h">
      <Filter>exceptions</Filter>
    </ClInclude>
    <ClInclude Include="src\exceptions\handler.h">
      <Filter>exceptions</Filter>
    </ClInclude>
    <ClInclude Include="src\fiber\fiber.h">
      <Filter>fiber</Filter>
    </ClInclude>
    <ClInclude Include="src\fiber\manager.h">
      <Filter>fiber</Filter>
    </ClInclude>
    <ClInclude Include="src\fiber\pool.h">
      <Filter>fiber</Filter>
    </ClInclude>
    <ClInclude Include="src\hooking\hooking.h">
      <Filter>hooking</Filter>
    </ClInclude>
    <ClInclude Include="src\hooking\methods\detour.h">
      <Filter>hooking\methods</Filter>
    </ClInclude>
    <ClInclude Include="src\hooking\methods\native.h">
      <Filter>hooking\methods</Filter>
    </ClInclude>
    <ClInclude Include="src\hooking\methods\vmt.h">
      <Filter>hooking\methods</Filter>
    </ClInclude>
    <ClInclude Include="src\memory\mem.h">
      <Filter>memory</Filter>
    </ClInclude>
    <ClInclude Include="src\memory\module.h">
      <Filter>memory</Filter>
    </ClInclude>
    <ClInclude Include="src\memory\patch.h">
      <Filter>memory</Filter>
    </ClInclude>
    <ClInclude Include="src\memory\pointers.h">
      <Filter>memory</Filter>
    </ClInclude>
    <ClInclude Include="src\memory\scanner.h">
      <Filter>memory</Filter>
    </ClInclude>
    <ClInclude Include="src\pch\framework.h">
      <Filter>pch</Filter>
    </ClInclude>
    <ClInclude Include="src\pch\pch.h">
      <Filter>pch</Filter>
    </ClInclude>
    <ClInclude Include="src\rage\classdefs.h">
      <Filter>rage</Filter>
    </ClInclude>
    <ClInclude Include="src\rage\classes.h">
      <Filter>rage</Filter>
    </ClInclude>
    <ClInclude Include="src\rage\commands\conversion_table.h">
      <Filter>rage\commands</Filter>
    </ClInclude>
    <ClInclude Include="src\rage\commands\dump_commands.h">
      <Filter>rage\commands</Filter>
    </ClInclude>
    <ClInclude Include="src\rage\commands\invoker\call_context.h">
      <Filter>rage\commands\invoker</Filter>
    </ClInclude>
    <ClInclude Include="src\rage\commands\invoker\invoker.h">
      <Filter>rage\commands\invoker</Filter>
    </ClInclude>
    <ClInclude Include="src\rage\commands\list.h">
      <Filter>rage\commands</Filter>
    </ClInclude>
    <ClInclude Include="src\rage\commands\types.h">
      <Filter>rage\commands</Filter>
    </ClInclude>
    <ClInclude Include="src\rage\engine.h">
      <Filter>rage</Filter>
    </ClInclude>
    <ClInclude Include="src\rage\enums.h">
      <Filter>rage</Filter>
    </ClInclude>
    <ClInclude Include="src\rage\joaat.h">
      <Filter>rage</Filter>
    </ClInclude>
    <ClInclude Include="src\rage\tables.h">
      <Filter>rage</Filter>
    </ClInclude>
    <ClInclude Include="src\renderer\dxtk\dxtexture2d_wrapper.h">
      <Filter>renderer\dxtk</Filter>
    </ClInclude>
    <ClInclude Include="src\renderer\dxtk\state_saver.h">
      <Filter>renderer\dxtk</Filter>
    </ClInclude>
    <ClInclude Include="src\renderer\renderer.h">
      <Filter>renderer</Filter>
    </ClInclude>
    <ClInclude Include="src\script\color.h">
      <Filter>script</Filter>
    </ClInclude>
    <ClInclude Include="src\script\elements.h">
      <Filter>script</Filter>
    </ClInclude>
    <ClInclude Include="src\script\notifications\notifications.h">
      <Filter>script\notifications</Filter>
    </ClInclude>
    <ClInclude Include="src\script\script.h">
      <Filter>script</Filter>
    </ClInclude>
    <ClInclude Include="src\script\tabs\includes.h">
      <Filter>script\tabs</Filter>
    </ClInclude>
    <ClInclude Include="src\script\tabs\miscellaneous.h">
      <Filter>script\tabs</Filter>
    </ClInclude>
    <ClInclude Include="src\script\tabs\miscellaneous\game.h">
      <Filter>script\tabs\miscellaneous</Filter>
    </ClInclude>
    <ClInclude Include="src\script\tabs\miscellaneous\world.h">
      <Filter>script\tabs\miscellaneous</Filter>
    </ClInclude>
    <ClInclude Include="src\script\tabs\network.h">
      <Filter>script\tabs</Filter>
    </ClInclude>
    <ClInclude Include="src\script\tabs\network\friends.h">
      <Filter>script\tabs\network</Filter>
    </ClInclude>
    <ClInclude Include="src\script\tabs\network\session.h">
      <Filter>script\tabs\network</Filter>
    </ClInclude>
    <ClInclude Include="src\script\tabs\network\session\all_players.h">
      <Filter>script\tabs\network\session</Filter>
    </ClInclude>
    <ClInclude Include="src\script\tabs\network\session\browser.h">
      <Filter>script\tabs\network\session</Filter>
    </ClInclude>
    <ClInclude Include="src\script\tabs\network\session\players.h">
      <Filter>script\tabs\network\session</Filter>
    </ClInclude>
    <ClInclude Include="src\script\tabs\network\session\players\selected_player.h">
      <Filter>script\tabs\network\session\players</Filter>
    </ClInclude>
    <ClInclude Include="src\script\tabs\network\session\players\selected_player\teleports.h">
      <Filter>script\tabs\network\session\players\selected_player</Filter>
    </ClInclude>
    <ClInclude Include="src\script\tabs\network\session\starter.h">
      <Filter>script\tabs\network\session</Filter>
    </ClInclude>
    <ClInclude Include="src\script\tabs\network\socialclub.h">
      <Filter>script\tabs\network</Filter>
    </ClInclude>
    <ClInclude Include="src\script\tabs\network\tunables.h">
      <Filter>script\tabs\network</Filter>
    </ClInclude>
    <ClInclude Include="src\script\tabs\protections.h">
      <Filter>script\tabs</Filter>
    </ClInclude>
    <ClInclude Include="src\script\tabs\protections\crashes.h">
      <Filter>script\tabs\protections</Filter>
    </ClInclude>
    <ClInclude Include="src\script\tabs\protections\kicks.h">
      <Filter>script\tabs\protections</Filter>
    </ClInclude>
    <ClInclude Include="src\script\tabs\protections\network_events.h">
      <Filter>script\tabs\protections</Filter>
    </ClInclude>
    <ClInclude Include="src\script\tabs\protections\reactions.h">
      <Filter>script\tabs\protections</Filter>
    </ClInclude>
    <ClInclude Include="src\script\tabs\protections\reactions\crash.h">
      <Filter>script\tabs\protections\reactions</Filter>
    </ClInclude>
    <ClInclude Include="src\script\tabs\protections\reactions\kick.h">
      <Filter>script\tabs\protections\reactions</Filter>
    </ClInclude>
    <ClInclude Include="src\script\tabs\protections\reactions\network_event.h">
      <Filter>script\tabs\protections\reactions</Filter>
    </ClInclude>
    <ClInclude Include="src\script\tabs\protections\reactions\script_event.h">
      <Filter>script\tabs\protections\reactions</Filter>
    </ClInclude>
    <ClInclude Include="src\script\tabs\protections\script_events.h">
      <Filter>script\tabs\protections</Filter>
    </ClInclude>
    <ClInclude Include="src\script\tabs\recovery.h">
      <Filter>script\tabs</Filter>
    </ClInclude>
    <ClInclude Include="src\script\tabs\scripting.h">
      <Filter>script\tabs</Filter>
    </ClInclude>
    <ClInclude Include="src\script\tabs\scripting\script_hook_v.h">
      <Filter>script\tabs\scripting</Filter>
    </ClInclude>
    <ClInclude Include="src\script\tabs\self.h">
      <Filter>script\tabs</Filter>
    </ClInclude>
    <ClInclude Include="src\script\tabs\self\movement.h">
      <Filter>script\tabs\self</Filter>
    </ClInclude>
    <ClInclude Include="src\script\tabs\self\ped.h">
      <Filter>script\tabs\self</Filter>
    </ClInclude>
    <ClInclude Include="src\script\tabs\self\police.h">
      <Filter>script\tabs\self</Filter>
    </ClInclude>
    <ClInclude Include="src\script\tabs\self\world.h">
      <Filter>script\tabs\self</Filter>
    </ClInclude>
    <ClInclude Include="src\script\tabs\settings.h">
      <Filter>script\tabs</Filter>
    </ClInclude>
    <ClInclude Include="src\script\tabs\settings\commands.h">
      <Filter>script\tabs\settings</Filter>
    </ClInclude>
    <ClInclude Include="src\script\tabs\settings\game.h">
      <Filter>script\tabs\settings</Filter>
    </ClInclude>
    <ClInclude Include="src\script\tabs\settings\ui.h">
      <Filter>script\tabs\settings</Filter>
    </ClInclude>
    <ClInclude Include="src\script\tabs\vehicle.h">
      <Filter>script\tabs</Filter>
    </ClInclude>
    <ClInclude Include="src\script\tabs\vehicle\spawner.h">
      <Filter>script\tabs\vehicle</Filter>
    </ClInclude>
    <ClInclude Include="src\script\tabs\weapon.h">
      <Filter>script\tabs</Filter>
    </ClInclude>
    <ClInclude Include="src\script\tabs\weapon\ammo.h">
      <Filter>script\tabs\weapon</Filter>
    </ClInclude>
    <ClInclude Include="src\script\tabs\weapon\loadout.h">
      <Filter>script\tabs\weapon</Filter>
    </ClInclude>
    <ClInclude Include="src\shv\dynamic_loader.h">
      <Filter>shv</Filter>
    </ClInclude>
    <ClInclude Include="src\shv\scripthookv.h">
      <Filter>shv</Filter>
    </ClInclude>
    <ClInclude Include="src\stb\image.h">
      <Filter>stb</Filter>
    </ClInclude>
    <ClInclude Include="src\stb\image_write.h">
      <Filter>stb</Filter>
    </ClInclude>
    <ClInclude Include="src\util\clipboard.h">
      <Filter>util</Filter>
    </ClInclude>
    <ClInclude Include="src\util\curl_wrapper.h">
      <Filter>util</Filter>
    </ClInclude>
    <ClInclude Include="src\util\game_vm_guard.h">
      <Filter>util</Filter>
    </ClInclude>
    <ClInclude Include="src\util\global.h">
      <Filter>util</Filter>
    </ClInclude>
    <ClInclude Include="src\util\message.h">
      <Filter>util</Filter>
    </ClInclude>
    <ClInclude Include="src\util\player_mgr.h">
      <Filter>util</Filter>
    </ClInclude>
    <ClInclude Include="src\util\statistics.h">
      <Filter>util</Filter>
    </ClInclude>
    <ClInclude Include="src\util\transaction.h">
      <Filter>util</Filter>
    </ClInclude>
    <ClInclude Include="src\util\util.h">
      <Filter>util</Filter>
    </ClInclude>
    <ClInclude Include="src\util\vehicle.h">
      <Filter>util</Filter>
    </ClInclude>
  </ItemGroup>
  <ItemGroup>
    <ClCompile Include="src\commands\commands.cpp">
      <Filter>commands</Filter>
    </ClCompile>
    <ClCompile Include="src\commands\engine\engine.cpp">
      <Filter>commands\engine</Filter>
    </ClCompile>
    <ClCompile Include="src\commands\features.cpp">
      <Filter>commands</Filter>
    </ClCompile>
    <ClCompile Include="src\commands\gui\gui.cpp">
      <Filter>commands\gui</Filter>
    </ClCompile>
    <ClCompile Include="src\commands\manager\manager.cpp">
      <Filter>commands\manager</Filter>
    </ClCompile>
    <ClCompile Include="src\core\core.cpp">
      <Filter>core</Filter>
    </ClCompile>
    <ClCompile Include="src\exceptions\handler.cpp">
      <Filter>exceptions</Filter>
    </ClCompile>
    <ClCompile Include="src\fiber\pool.cpp">
      <Filter>fiber</Filter>
    </ClCompile>
    <ClCompile Include="src\hooking\hooking.cpp">
      <Filter>hooking</Filter>
    </ClCompile>
    <ClCompile Include="src\hooking\hooks\add_item_to_basket.cpp">
      <Filter>hooking\hooks</Filter>
    </ClCompile>
    <ClCompile Include="src\hooking\hooks\calcuate_mip_level.cpp">
      <Filter>hooking\hooks</Filter>
    </ClCompile>
    <ClCompile Include="src\hooking\hooks\can_apply_data.cpp">
      <Filter>hooking\hooks</Filter>
    </ClCompile>
    <ClCompile Include="src\hooking\hooks\convert_thread_to_fiber.cpp">
      <Filter>hooking\hooks</Filter>
    </ClCompile>
    <ClCompile Include="src\hooking\hooks\ctaskfall_constructor.cpp">
      <Filter>hooking\hooks</Filter>
    </ClCompile>
    <ClCompile Include="src\hooking\hooks\ctaskjump_constructor.cpp">
      <Filter>hooking\hooks</Filter>
    </ClCompile>
    <ClCompile Include="src\hooking\hooks\dispatch_event.cpp">
      <Filter>hooking\hooks</Filter>
    </ClCompile>
    <ClCompile Include="src\hooking\hooks\find_game_match.cpp">
      <Filter>hooking\hooks</Filter>
    </ClCompile>
    <ClCompile Include="src\hooking\hooks\get_proc_address.cpp">
      <Filter>hooking\hooks</Filter>
    </ClCompile>
    <ClCompile Include="src\hooking\hooks\has_interval_elapsed.cpp">
      <Filter>hooking\hooks</Filter>
    </ClCompile>
    <ClCompile Include="src\hooking\hooks\has_ros_privilege.cpp">
      <Filter>hooking\hooks</Filter>
    </ClCompile>
    <ClCompile Include="src\hooking\hooks\insert_streaming_module.cpp">
      <Filter>hooking\hooks</Filter>
    </ClCompile>
    <ClCompile Include="src\hooking\hooks\present.cpp">
      <Filter>hooking\hooks</Filter>
    </ClCompile>
    <ClCompile Include="src\hooking\hooks\process_matchmaking_find.cpp">
      <Filter>hooking\hooks</Filter>
    </ClCompile>
    <ClCompile Include="src\hooking\hooks\process_packed_events.cpp">
      <Filter>hooking\hooks</Filter>
    </ClCompile>
    <ClCompile Include="src\hooking\hooks\receive_clone_create.cpp">
      <Filter>hooking\hooks</Filter>
    </ClCompile>
    <ClCompile Include="src\hooking\hooks\receive_clone_sync.cpp">
      <Filter>hooking\hooks</Filter>
    </ClCompile>
    <ClCompile Include="src\hooking\hooks\request.cpp">
      <Filter>hooking\hooks</Filter>
    </ClCompile>
    <ClCompile Include="src\hooking\hooks\resize_buffers.cpp">
      <Filter>hooking\hooks</Filter>
    </ClCompile>
    <ClCompile Include="src\hooking\hooks\run_async_module_request.cpp">
      <Filter>hooking\hooks</Filter>
    </ClCompile>
    <ClCompile Include="src\hooking\hooks\script_vm.cpp">
      <Filter>hooking\hooks</Filter>
    </ClCompile>
    <ClCompile Include="src\hooking\hooks\send_metric.cpp">
      <Filter>hooking\hooks</Filter>
    </ClCompile>
    <ClCompile Include="src\hooking\hooks\send_network_event.cpp">
      <Filter>hooking\hooks</Filter>
    </ClCompile>
    <ClCompile Include="src\hooking\hooks\update_presence_attribute_int.cpp">
      <Filter>hooking\hooks</Filter>
    </ClCompile>
    <ClCompile Include="src\main.cpp" />
    <ClCompile Include="src\memory\pointers.cpp">
      <Filter>memory</Filter>
    </ClCompile>
    <ClCompile Include="src\pch\pch.cpp">
      <Filter>pch</Filter>
    </ClCompile>
    <ClCompile Include="src\rage\commands\dump_commands.cpp">
      <Filter>rage\commands</Filter>
    </ClCompile>
    <ClCompile Include="src\rage\commands\invoker\invoker.cpp">
      <Filter>rage\commands\invoker</Filter>
    </ClCompile>
    <ClCompile Include="src\rage\defines.cpp">
      <Filter>rage</Filter>
    </ClCompile>
    <ClCompile Include="src\renderer\renderer.cpp">
      <Filter>renderer</Filter>
    </ClCompile>
    <ClCompile Include="src\script\notifications\notifications.cpp">
      <Filter>script\notifications</Filter>
    </ClCompile>
    <ClCompile Include="src\script\script.cpp">
      <Filter>script</Filter>
    </ClCompile>
    <ClCompile Include="src\shv\scripthookv.cpp">
      <Filter>shv</Filter>
    </ClCompile>
    <ClCompile Include="src\util\message.cpp">
      <Filter>util</Filter>
    </ClCompile>
    <ClCompile Include="src\util\player_mgr.cpp">
      <Filter>util</Filter>
    </ClCompile>
    <ClCompile Include="src\util\statistics.cpp">
      <Filter>util</Filter>
    </ClCompile>
  </ItemGroup>
</Project>